
Microsoft Visual Studio Solution File, Format Version 12.00
# Visual Studio Version 17
VisualStudioVersion = 17.11.35222.181
MinimumVisualStudioVersion = 10.0.40219.1
Project("{2150E333-8FDC-42A3-9474-1A3956D46DE8}") = "Task0", "Task0", "{1CB21B8C-87C7-4E52-82DD-23129AF5CC1A}"
EndProject
Project("{9A19103F-16F7-4668-BE54-9A1E7A4F7556}") = "Tyuiu.KarandaAR.Sprint1.Task0.V20﻿", "Tyuiu.KarandaAR.Sprint1.Task0.V20﻿\Tyuiu.KarandaAR.Sprint1.Task0.V20﻿.csproj", "{CD3AC84C-8F28-4424-B8C7-1108D374BCA5}"
EndProject
Project("{9A19103F-16F7-4668-BE54-9A1E7A4F7556}") = "Tyuiu.KarandaAR.Sprint1.Task0.V20﻿.Test", "Tyuiu.KarandaAR.Sprint1.Task0.V20﻿.Test\Tyuiu.KarandaAR.Sprint1.Task0.V20﻿.Test.csproj", "{15634333-45C1-4034-BA79-F112D4ECB94F}"
EndProject
Project("{9A19103F-16F7-4668-BE54-9A1E7A4F7556}") = "Tyuiu.KarandaAR.Sprint1.Task0.V20.Lib", "Tyuiu.KarandaAR.Sprint1.Task0.V20.Lib\Tyuiu.KarandaAR.Sprint1.Task0.V20.Lib.csproj", "{15EDC0B3-EA03-478C-874D-D7F071403090}"
EndProject
Project("{2150E333-8FDC-42A3-9474-1A3956D46DE8}") = "Task1", "Task1", "{DDC2EFC5-B7B9-4F0B-B238-FE3BAEF0CF4F}"
EndProject
Project("{FAE04EC0-301F-11D3-BF4B-00C04F79EFBC}") = "Tyuiu.KarandaAR.Sprint1.Task1.V20", "Tyuiu.KarandaAR.Sprint1.Task1.V20\Tyuiu.KarandaAR.Sprint1.Task1.V20.csproj", "{984A082B-264A-4153-AE43-318ED48F41B8}"
EndProject
Project("{FAE04EC0-301F-11D3-BF4B-00C04F79EFBC}") = "Tyuiu.KarandaAR.Sprint1.Task1.V20.Lib", "Tyuiu.KarandaAR.Sprint1.Task1.V20.Lib\Tyuiu.KarandaAR.Sprint1.Task1.V20.Lib.csproj", "{621976DE-3D72-4153-AE26-CF4AF0DAEF6B}"
EndProject
Project("{FAE04EC0-301F-11D3-BF4B-00C04F79EFBC}") = "Tyuiu.KarandaAR.Sprint1.Task1.V20.Test", "Tyuiu.KarandaAR.Sprint1.Task1.V20.Test\Tyuiu.KarandaAR.Sprint1.Task1.V20.Test.csproj", "{EE7EE9B2-50A2-4033-A1C1-FE1A69ED2C7A}"
EndProject
Project("{2150E333-8FDC-42A3-9474-1A3956D46DE8}") = "Task2", "Task2", "{B3B18209-A171-47FF-ACE5-36D3FB2A5D9B}"
EndProject
Project("{FAE04EC0-301F-11D3-BF4B-00C04F79EFBC}") = "Tyuiu.KarandaAR.Sprint1.Task2.V13", "Tyuiu.KarandaAR.Sprint1.Task2.V13\Tyuiu.KarandaAR.Sprint1.Task2.V13.csproj", "{BF40E7D2-F5A5-4B97-92E7-D30D11344397}"
EndProject
Project("{FAE04EC0-301F-11D3-BF4B-00C04F79EFBC}") = "Tyuiu.KarandaAR.Sprint1.Task2.V13.Lib", "Tyuiu.KarandaAR.Sprint1.Task2.V13.Lib\Tyuiu.KarandaAR.Sprint1.Task2.V13.Lib.csproj", "{99B773AD-8E57-4D78-968D-D20446BAC186}"
EndProject
Project("{FAE04EC0-301F-11D3-BF4B-00C04F79EFBC}") = "Tyuiu.KarandaAR.Sprint1.Task2.V13.Test", "Tyuiu.KarandaAR.Sprint1.Task2.V13.Test\Tyuiu.KarandaAR.Sprint1.Task2.V13.Test.csproj", "{42309599-2276-4D95-AA9A-99379949B6FA}"
EndProject
Project("{2150E333-8FDC-42A3-9474-1A3956D46DE8}") = "Task3", "Task3", "{F6C57ECE-457C-473E-8E52-DBABB2CA8801}"
EndProject
Project("{FAE04EC0-301F-11D3-BF4B-00C04F79EFBC}") = "Tyuiu.KarandaAR.Sprint1.Task3.V1", "Tyuiu.KarandaAR.Sprint1.Task3.V1\Tyuiu.KarandaAR.Sprint1.Task3.V1.csproj", "{94BD0D99-7FA5-46F6-A25D-DD4564A3DEA3}"
EndProject
Project("{FAE04EC0-301F-11D3-BF4B-00C04F79EFBC}") = "Tyuiu.KarandaAR.Sprint1.Task3.V1.Lib", "Tyuiu.KarandaAR.Sprint1.Task3.V1.Lib\Tyuiu.KarandaAR.Sprint1.Task3.V1.Lib.csproj", "{60DC24B0-CDA5-4AA5-A868-796AF1F1DE57}"
EndProject
Project("{FAE04EC0-301F-11D3-BF4B-00C04F79EFBC}") = "Tyuiu.KarandaAR.Sprint1.Task3.V1.Test", "Tyuiu.KarandaAR.Sprint1.Task3.V1.Test\Tyuiu.KarandaAR.Sprint1.Task3.V1.Test.csproj", "{F255B14F-8A35-4D40-87B2-696B6EC0306D}"
EndProject
Project("{2150E333-8FDC-42A3-9474-1A3956D46DE8}") = "Task4", "Task4", "{32D8289D-8F1C-4FB7-B983-34D6FC4023B0}"
EndProject
Project("{FAE04EC0-301F-11D3-BF4B-00C04F79EFBC}") = "Tyuiu.KarandaAR.Sprint1.Task4.V26", "Tyuiu.KarandaAR.Sprint1.Task4.V26\Tyuiu.KarandaAR.Sprint1.Task4.V26.csproj", "{C6C904B8-A91D-46E1-8179-5A19504E01EE}"
EndProject
Project("{FAE04EC0-301F-11D3-BF4B-00C04F79EFBC}") = "Tyuiu.KarandaAR.Sprint1.Task4.V26.Lib", "Tyuiu.KarandaAR.Sprint1.Task4.V26.Lib\Tyuiu.KarandaAR.Sprint1.Task4.V26.Lib.csproj", "{9EBBF72E-749E-476F-BFC8-45BF4F111577}"
EndProject
Project("{FAE04EC0-301F-11D3-BF4B-00C04F79EFBC}") = "Tyuiu.KarandaAR.Sprint1.Task4.V26.Test", "Tyuiu.KarandaAR.Sprint1.Task4.V26.Test\Tyuiu.KarandaAR.Sprint1.Task4.V26.Test.csproj", "{F123747A-4305-46B5-BF45-1CFF5282324B}"
EndProject
Project("{2150E333-8FDC-42A3-9474-1A3956D46DE8}") = "Task5", "Task5", "{FF003658-B9C8-499A-9D52-67FE35DCE452}"
EndProject
Project("{FAE04EC0-301F-11D3-BF4B-00C04F79EFBC}") = "Tyuiu.KarandaAR.Sprint1.Task5.V6", "Tyuiu.KarandaAR.Sprint1.Task5.V6\Tyuiu.KarandaAR.Sprint1.Task5.V6.csproj", "{BDFCE490-F5C6-4C71-86A4-A61EB3B6BD5E}"
EndProject
Project("{FAE04EC0-301F-11D3-BF4B-00C04F79EFBC}") = "Tyuiu.KarandaAR.Sprint1.Task5.V6.Lib", "Tyuiu.KarandaAR.Sprint1.Task5.V6.Lib\Tyuiu.KarandaAR.Sprint1.Task5.V6.Lib.csproj", "{67A7D170-F37F-4633-8118-63E0A94920DB}"
EndProject
Project("{FAE04EC0-301F-11D3-BF4B-00C04F79EFBC}") = "Tyuiu.KarandaAR.Sprint1.Task5.V6.Test", "Tyuiu.KarandaAR.Sprint1.Task5.V6.Test\Tyuiu.KarandaAR.Sprint1.Task5.V6.Test.csproj", "{BD5CF912-8519-4338-B228-2DB9092575AC}"
EndProject
Project("{2150E333-8FDC-42A3-9474-1A3956D46DE8}") = "Task6", "Task6", "{B69CA4B2-1EFC-4CDA-97A0-2E0CC9336242}"
EndProject
Project("{FAE04EC0-301F-11D3-BF4B-00C04F79EFBC}") = "Tyuiu.KarandaAR.Sprint1.Task6.V3", "Tyuiu.KarandaAR.Sprint1.Task6.V3\Tyuiu.KarandaAR.Sprint1.Task6.V3.csproj", "{D9D1D40D-0479-4A1D-9745-6C2720538D6D}"
EndProject
Project("{FAE04EC0-301F-11D3-BF4B-00C04F79EFBC}") = "Tyuiu.KarandaAR.Sprint1.Task6.V3.Lib", "Tyuiu.KarandaAR.Sprint1.Task6.Lib\Tyuiu.KarandaAR.Sprint1.Task6.V3.Lib.csproj", "{D0FCC05C-6539-45F6-B734-8779123D47C2}"
EndProject
Project("{FAE04EC0-301F-11D3-BF4B-00C04F79EFBC}") = "Tyuiu.KarandaAR.Sprint1.Task6.V3.Test", "Tyuiu.KarandaAR.Sprint1.Task6.V3.Test\Tyuiu.KarandaAR.Sprint1.Task6.V3.Test.csproj", "{BD67F2BE-EA93-4A85-BB25-949885CE8373}"
EndProject
Global
	GlobalSection(SolutionConfigurationPlatforms) = preSolution
		Debug|Any CPU = Debug|Any CPU
		Release|Any CPU = Release|Any CPU
	EndGlobalSection
	GlobalSection(ProjectConfigurationPlatforms) = postSolution
		{CD3AC84C-8F28-4424-B8C7-1108D374BCA5}.Debug|Any CPU.ActiveCfg = Debug|Any CPU
		{CD3AC84C-8F28-4424-B8C7-1108D374BCA5}.Debug|Any CPU.Build.0 = Debug|Any CPU
		{CD3AC84C-8F28-4424-B8C7-1108D374BCA5}.Release|Any CPU.ActiveCfg = Release|Any CPU
		{CD3AC84C-8F28-4424-B8C7-1108D374BCA5}.Release|Any CPU.Build.0 = Release|Any CPU
		{15634333-45C1-4034-BA79-F112D4ECB94F}.Debug|Any CPU.ActiveCfg = Debug|Any CPU
		{15634333-45C1-4034-BA79-F112D4ECB94F}.Debug|Any CPU.Build.0 = Debug|Any CPU
		{15634333-45C1-4034-BA79-F112D4ECB94F}.Release|Any CPU.ActiveCfg = Release|Any CPU
		{15634333-45C1-4034-BA79-F112D4ECB94F}.Release|Any CPU.Build.0 = Release|Any CPU
		{15EDC0B3-EA03-478C-874D-D7F071403090}.Debug|Any CPU.ActiveCfg = Debug|Any CPU
		{15EDC0B3-EA03-478C-874D-D7F071403090}.Debug|Any CPU.Build.0 = Debug|Any CPU
		{15EDC0B3-EA03-478C-874D-D7F071403090}.Release|Any CPU.ActiveCfg = Release|Any CPU
		{15EDC0B3-EA03-478C-874D-D7F071403090}.Release|Any CPU.Build.0 = Release|Any CPU
		{984A082B-264A-4153-AE43-318ED48F41B8}.Debug|Any CPU.ActiveCfg = Debug|Any CPU
		{984A082B-264A-4153-AE43-318ED48F41B8}.Debug|Any CPU.Build.0 = Debug|Any CPU
		{984A082B-264A-4153-AE43-318ED48F41B8}.Release|Any CPU.ActiveCfg = Release|Any CPU
		{984A082B-264A-4153-AE43-318ED48F41B8}.Release|Any CPU.Build.0 = Release|Any CPU
		{621976DE-3D72-4153-AE26-CF4AF0DAEF6B}.Debug|Any CPU.ActiveCfg = Debug|Any CPU
		{621976DE-3D72-4153-AE26-CF4AF0DAEF6B}.Debug|Any CPU.Build.0 = Debug|Any CPU
		{621976DE-3D72-4153-AE26-CF4AF0DAEF6B}.Release|Any CPU.ActiveCfg = Release|Any CPU
		{621976DE-3D72-4153-AE26-CF4AF0DAEF6B}.Release|Any CPU.Build.0 = Release|Any CPU
		{EE7EE9B2-50A2-4033-A1C1-FE1A69ED2C7A}.Debug|Any CPU.ActiveCfg = Debug|Any CPU
		{EE7EE9B2-50A2-4033-A1C1-FE1A69ED2C7A}.Debug|Any CPU.Build.0 = Debug|Any CPU
		{EE7EE9B2-50A2-4033-A1C1-FE1A69ED2C7A}.Release|Any CPU.ActiveCfg = Release|Any CPU
		{EE7EE9B2-50A2-4033-A1C1-FE1A69ED2C7A}.Release|Any CPU.Build.0 = Release|Any CPU
		{BF40E7D2-F5A5-4B97-92E7-D30D11344397}.Debug|Any CPU.ActiveCfg = Debug|Any CPU
		{BF40E7D2-F5A5-4B97-92E7-D30D11344397}.Debug|Any CPU.Build.0 = Debug|Any CPU
		{BF40E7D2-F5A5-4B97-92E7-D30D11344397}.Release|Any CPU.ActiveCfg = Release|Any CPU
		{BF40E7D2-F5A5-4B97-92E7-D30D11344397}.Release|Any CPU.Build.0 = Release|Any CPU
		{99B773AD-8E57-4D78-968D-D20446BAC186}.Debug|Any CPU.ActiveCfg = Debug|Any CPU
		{99B773AD-8E57-4D78-968D-D20446BAC186}.Debug|Any CPU.Build.0 = Debug|Any CPU
		{99B773AD-8E57-4D78-968D-D20446BAC186}.Release|Any CPU.ActiveCfg = Release|Any CPU
		{99B773AD-8E57-4D78-968D-D20446BAC186}.Release|Any CPU.Build.0 = Release|Any CPU
		{42309599-2276-4D95-AA9A-99379949B6FA}.Debug|Any CPU.ActiveCfg = Debug|Any CPU
		{42309599-2276-4D95-AA9A-99379949B6FA}.Debug|Any CPU.Build.0 = Debug|Any CPU
		{42309599-2276-4D95-AA9A-99379949B6FA}.Release|Any CPU.ActiveCfg = Release|Any CPU
		{42309599-2276-4D95-AA9A-99379949B6FA}.Release|Any CPU.Build.0 = Release|Any CPU
		{94BD0D99-7FA5-46F6-A25D-DD4564A3DEA3}.Debug|Any CPU.ActiveCfg = Debug|Any CPU
		{94BD0D99-7FA5-46F6-A25D-DD4564A3DEA3}.Debug|Any CPU.Build.0 = Debug|Any CPU
		{94BD0D99-7FA5-46F6-A25D-DD4564A3DEA3}.Release|Any CPU.ActiveCfg = Release|Any CPU
		{94BD0D99-7FA5-46F6-A25D-DD4564A3DEA3}.Release|Any CPU.Build.0 = Release|Any CPU
		{60DC24B0-CDA5-4AA5-A868-796AF1F1DE57}.Debug|Any CPU.ActiveCfg = Debug|Any CPU
		{60DC24B0-CDA5-4AA5-A868-796AF1F1DE57}.Debug|Any CPU.Build.0 = Debug|Any CPU
		{60DC24B0-CDA5-4AA5-A868-796AF1F1DE57}.Release|Any CPU.ActiveCfg = Release|Any CPU
		{60DC24B0-CDA5-4AA5-A868-796AF1F1DE57}.Release|Any CPU.Build.0 = Release|Any CPU
		{F255B14F-8A35-4D40-87B2-696B6EC0306D}.Debug|Any CPU.ActiveCfg = Debug|Any CPU
		{F255B14F-8A35-4D40-87B2-696B6EC0306D}.Debug|Any CPU.Build.0 = Debug|Any CPU
		{F255B14F-8A35-4D40-87B2-696B6EC0306D}.Release|Any CPU.ActiveCfg = Release|Any CPU
		{F255B14F-8A35-4D40-87B2-696B6EC0306D}.Release|Any CPU.Build.0 = Release|Any CPU
		{C6C904B8-A91D-46E1-8179-5A19504E01EE}.Debug|Any CPU.ActiveCfg = Debug|Any CPU
		{C6C904B8-A91D-46E1-8179-5A19504E01EE}.Debug|Any CPU.Build.0 = Debug|Any CPU
		{C6C904B8-A91D-46E1-8179-5A19504E01EE}.Release|Any CPU.ActiveCfg = Release|Any CPU
		{C6C904B8-A91D-46E1-8179-5A19504E01EE}.Release|Any CPU.Build.0 = Release|Any CPU
		{9EBBF72E-749E-476F-BFC8-45BF4F111577}.Debug|Any CPU.ActiveCfg = Debug|Any CPU
		{9EBBF72E-749E-476F-BFC8-45BF4F111577}.Debug|Any CPU.Build.0 = Debug|Any CPU
		{9EBBF72E-749E-476F-BFC8-45BF4F111577}.Release|Any CPU.ActiveCfg = Release|Any CPU
		{9EBBF72E-749E-476F-BFC8-45BF4F111577}.Release|Any CPU.Build.0 = Release|Any CPU
		{F123747A-4305-46B5-BF45-1CFF5282324B}.Debug|Any CPU.ActiveCfg = Debug|Any CPU
		{F123747A-4305-46B5-BF45-1CFF5282324B}.Debug|Any CPU.Build.0 = Debug|Any CPU
		{F123747A-4305-46B5-BF45-1CFF5282324B}.Release|Any CPU.ActiveCfg = Release|Any CPU
		{F123747A-4305-46B5-BF45-1CFF5282324B}.Release|Any CPU.Build.0 = Release|Any CPU
		{BDFCE490-F5C6-4C71-86A4-A61EB3B6BD5E}.Debug|Any CPU.ActiveCfg = Debug|Any CPU
		{BDFCE490-F5C6-4C71-86A4-A61EB3B6BD5E}.Debug|Any CPU.Build.0 = Debug|Any CPU
		{BDFCE490-F5C6-4C71-86A4-A61EB3B6BD5E}.Release|Any CPU.ActiveCfg = Release|Any CPU
		{BDFCE490-F5C6-4C71-86A4-A61EB3B6BD5E}.Release|Any CPU.Build.0 = Release|Any CPU
		{67A7D170-F37F-4633-8118-63E0A94920DB}.Debug|Any CPU.ActiveCfg = Debug|Any CPU
		{67A7D170-F37F-4633-8118-63E0A94920DB}.Debug|Any CPU.Build.0 = Debug|Any CPU
		{67A7D170-F37F-4633-8118-63E0A94920DB}.Release|Any CPU.ActiveCfg = Release|Any CPU
		{67A7D170-F37F-4633-8118-63E0A94920DB}.Release|Any CPU.Build.0 = Release|Any CPU
		{BD5CF912-8519-4338-B228-2DB9092575AC}.Debug|Any CPU.ActiveCfg = Debug|Any CPU
		{BD5CF912-8519-4338-B228-2DB9092575AC}.Debug|Any CPU.Build.0 = Debug|Any CPU
		{BD5CF912-8519-4338-B228-2DB9092575AC}.Release|Any CPU.ActiveCfg = Release|Any CPU
		{BD5CF912-8519-4338-B228-2DB9092575AC}.Release|Any CPU.Build.0 = Release|Any CPU
		{D9D1D40D-0479-4A1D-9745-6C2720538D6D}.Debug|Any CPU.ActiveCfg = Debug|Any CPU
		{D9D1D40D-0479-4A1D-9745-6C2720538D6D}.Debug|Any CPU.Build.0 = Debug|Any CPU
		{D9D1D40D-0479-4A1D-9745-6C2720538D6D}.Release|Any CPU.ActiveCfg = Release|Any CPU
		{D9D1D40D-0479-4A1D-9745-6C2720538D6D}.Release|Any CPU.Build.0 = Release|Any CPU
		{D0FCC05C-6539-45F6-B734-8779123D47C2}.Debug|Any CPU.ActiveCfg = Debug|Any CPU
		{D0FCC05C-6539-45F6-B734-8779123D47C2}.Debug|Any CPU.Build.0 = Debug|Any CPU
		{D0FCC05C-6539-45F6-B734-8779123D47C2}.Release|Any CPU.ActiveCfg = Release|Any CPU
		{D0FCC05C-6539-45F6-B734-8779123D47C2}.Release|Any CPU.Build.0 = Release|Any CPU
		{BD67F2BE-EA93-4A85-BB25-949885CE8373}.Debug|Any CPU.ActiveCfg = Debug|Any CPU
		{BD67F2BE-EA93-4A85-BB25-949885CE8373}.Debug|Any CPU.Build.0 = Debug|Any CPU
		{BD67F2BE-EA93-4A85-BB25-949885CE8373}.Release|Any CPU.ActiveCfg = Release|Any CPU
		{BD67F2BE-EA93-4A85-BB25-949885CE8373}.Release|Any CPU.Build.0 = Release|Any CPU
	EndGlobalSection
	GlobalSection(SolutionProperties) = preSolution
		HideSolutionNode = FALSE
	EndGlobalSection
	GlobalSection(NestedProjects) = preSolution
		{CD3AC84C-8F28-4424-B8C7-1108D374BCA5} = {1CB21B8C-87C7-4E52-82DD-23129AF5CC1A}
		{15634333-45C1-4034-BA79-F112D4ECB94F} = {1CB21B8C-87C7-4E52-82DD-23129AF5CC1A}
		{15EDC0B3-EA03-478C-874D-D7F071403090} = {1CB21B8C-87C7-4E52-82DD-23129AF5CC1A}
		{984A082B-264A-4153-AE43-318ED48F41B8} = {DDC2EFC5-B7B9-4F0B-B238-FE3BAEF0CF4F}
		{621976DE-3D72-4153-AE26-CF4AF0DAEF6B} = {DDC2EFC5-B7B9-4F0B-B238-FE3BAEF0CF4F}
		{EE7EE9B2-50A2-4033-A1C1-FE1A69ED2C7A} = {DDC2EFC5-B7B9-4F0B-B238-FE3BAEF0CF4F}
		{BF40E7D2-F5A5-4B97-92E7-D30D11344397} = {B3B18209-A171-47FF-ACE5-36D3FB2A5D9B}
		{99B773AD-8E57-4D78-968D-D20446BAC186} = {B3B18209-A171-47FF-ACE5-36D3FB2A5D9B}
		{42309599-2276-4D95-AA9A-99379949B6FA} = {B3B18209-A171-47FF-ACE5-36D3FB2A5D9B}
		{94BD0D99-7FA5-46F6-A25D-DD4564A3DEA3} = {F6C57ECE-457C-473E-8E52-DBABB2CA8801}
		{60DC24B0-CDA5-4AA5-A868-796AF1F1DE57} = {F6C57ECE-457C-473E-8E52-DBABB2CA8801}
		{F255B14F-8A35-4D40-87B2-696B6EC0306D} = {F6C57ECE-457C-473E-8E52-DBABB2CA8801}
		{C6C904B8-A91D-46E1-8179-5A19504E01EE} = {32D8289D-8F1C-4FB7-B983-34D6FC4023B0}
		{9EBBF72E-749E-476F-BFC8-45BF4F111577} = {32D8289D-8F1C-4FB7-B983-34D6FC4023B0}
		{F123747A-4305-46B5-BF45-1CFF5282324B} = {32D8289D-8F1C-4FB7-B983-34D6FC4023B0}
		{BDFCE490-F5C6-4C71-86A4-A61EB3B6BD5E} = {FF003658-B9C8-499A-9D52-67FE35DCE452}
		{67A7D170-F37F-4633-8118-63E0A94920DB} = {FF003658-B9C8-499A-9D52-67FE35DCE452}
		{BD5CF912-8519-4338-B228-2DB9092575AC} = {FF003658-B9C8-499A-9D52-67FE35DCE452}
		{D9D1D40D-0479-4A1D-9745-6C2720538D6D} = {B69CA4B2-1EFC-4CDA-97A0-2E0CC9336242}
		{D0FCC05C-6539-45F6-B734-8779123D47C2} = {B69CA4B2-1EFC-4CDA-97A0-2E0CC9336242}
		{BD67F2BE-EA93-4A85-BB25-949885CE8373} = {B69CA4B2-1EFC-4CDA-97A0-2E0CC9336242}
	EndGlobalSection
	GlobalSection(ExtensibilityGlobals) = postSolution
		SolutionGuid = {ACD9225A-F128-4B59-9956-B9A47FEAFC5C}
	EndGlobalSection
EndGlobal
